// !$*UTF8*$!
{
	archiveVersion = 1;
	classes = {
	};
	objectVersion = 50;
	objects = {

/* Begin PBXBuildFile section */
		C223EA62251C8BD400F51289 /* LessonRow.swift in Sources */ = {isa = PBXBuildFile; fileRef = C223EA61251C8BD400F51289 /* LessonRow.swift */; };
		C2973F4C2517BA1000ADBA7C /* schedule_appApp.swift in Sources */ = {isa = PBXBuildFile; fileRef = C2973F4B2517BA1000ADBA7C /* schedule_appApp.swift */; };
		C2973F4E2517BA1000ADBA7C /* ContentView.swift in Sources */ = {isa = PBXBuildFile; fileRef = C2973F4D2517BA1000ADBA7C /* ContentView.swift */; };
		C2973F502517BA1100ADBA7C /* Assets.xcassets in Resources */ = {isa = PBXBuildFile; fileRef = C2973F4F2517BA1100ADBA7C /* Assets.xcassets */; };
		C2973F532517BA1200ADBA7C /* Preview Assets.xcassets in Resources */ = {isa = PBXBuildFile; fileRef = C2973F522517BA1200ADBA7C /* Preview Assets.xcassets */; };
		C2973F5E2517BA1200ADBA7C /* schedule_appTests.swift in Sources */ = {isa = PBXBuildFile; fileRef = C2973F5D2517BA1200ADBA7C /* schedule_appTests.swift */; };
		C2973F692517BA1200ADBA7C /* schedule_appUITests.swift in Sources */ = {isa = PBXBuildFile; fileRef = C2973F682517BA1200ADBA7C /* schedule_appUITests.swift */; };
		C2BDC9EB251C89D7005BEE41 /* Lesson.swift in Sources */ = {isa = PBXBuildFile; fileRef = C2BDC9EA251C89D7005BEE41 /* Lesson.swift */; };
		C2BDC9F0251C8A18005BEE41 /* Data.swift in Sources */ = {isa = PBXBuildFile; fileRef = C2BDC9EF251C8A18005BEE41 /* Data.swift */; };
		C2BDC9FD251C8B36005BEE41 /* lessonData.json in Resources */ = {isa = PBXBuildFile; fileRef = C2BDC9FC251C8B36005BEE41 /* lessonData.json */; };
/* End PBXBuildFile section */

/* Begin PBXContainerItemProxy section */
		C2973F5A2517BA1200ADBA7C /* PBXContainerItemProxy */ = {
			isa = PBXContainerItemProxy;
			containerPortal = C2973F402517BA1000ADBA7C /* Project object */;
			proxyType = 1;
			remoteGlobalIDString = C2973F472517BA1000ADBA7C;
			remoteInfo = "schedule-app";
		};
		C2973F652517BA1200ADBA7C /* PBXContainerItemProxy */ = {
			isa = PBXContainerItemProxy;
			containerPortal = C2973F402517BA1000ADBA7C /* Project object */;
			proxyType = 1;
			remoteGlobalIDString = C2973F472517BA1000ADBA7C;
			remoteInfo = "schedule-app";
		};
/* End PBXContainerItemProxy section */

/* Begin PBXFileReference section */
		C223EA61251C8BD400F51289 /* LessonRow.swift */ = {isa = PBXFileReference; lastKnownFileType = sourcecode.swift; path = LessonRow.swift; sourceTree = "<group>"; };
		C2973F482517BA1000ADBA7C /* schedule-app.app */ = {isa = PBXFileReference; explicitFileType = wrapper.application; includeInIndex = 0; path = "schedule-app.app"; sourceTree = BUILT_PRODUCTS_DIR; };
		C2973F4B2517BA1000ADBA7C /* schedule_appApp.swift */ = {isa = PBXFileReference; lastKnownFileType = sourcecode.swift; path = schedule_appApp.swift; sourceTree = "<group>"; };
		C2973F4D2517BA1000ADBA7C /* ContentView.swift */ = {isa = PBXFileReference; lastKnownFileType = sourcecode.swift; path = ContentView.swift; sourceTree = "<group>"; };
		C2973F4F2517BA1100ADBA7C /* Assets.xcassets */ = {isa = PBXFileReference; lastKnownFileType = folder.assetcatalog; path = Assets.xcassets; sourceTree = "<group>"; };
		C2973F522517BA1200ADBA7C /* Preview Assets.xcassets */ = {isa = PBXFileReference; lastKnownFileType = folder.assetcatalog; path = "Preview Assets.xcassets"; sourceTree = "<group>"; };
		C2973F542517BA1200ADBA7C /* Info.plist */ = {isa = PBXFileReference; lastKnownFileType = text.plist.xml; path = Info.plist; sourceTree = "<group>"; };
		C2973F592517BA1200ADBA7C /* schedule-appTests.xctest */ = {isa = PBXFileReference; explicitFileType = wrapper.cfbundle; includeInIndex = 0; path = "schedule-appTests.xctest"; sourceTree = BUILT_PRODUCTS_DIR; };
		C2973F5D2517BA1200ADBA7C /* schedule_appTests.swift */ = {isa = PBXFileReference; lastKnownFileType = sourcecode.swift; path = schedule_appTests.swift; sourceTree = "<group>"; };
		C2973F5F2517BA1200ADBA7C /* Info.plist */ = {isa = PBXFileReference; lastKnownFileType = text.plist.xml; path = Info.plist; sourceTree = "<group>"; };
		C2973F642517BA1200ADBA7C /* schedule-appUITests.xctest */ = {isa = PBXFileReference; explicitFileType = wrapper.cfbundle; includeInIndex = 0; path = "schedule-appUITests.xctest"; sourceTree = BUILT_PRODUCTS_DIR; };
		C2973F682517BA1200ADBA7C /* schedule_appUITests.swift */ = {isa = PBXFileReference; lastKnownFileType = sourcecode.swift; path = schedule_appUITests.swift; sourceTree = "<group>"; };
		C2973F6A2517BA1200ADBA7C /* Info.plist */ = {isa = PBXFileReference; lastKnownFileType = text.plist.xml; path = Info.plist; sourceTree = "<group>"; };
		C2BDC9EA251C89D7005BEE41 /* Lesson.swift */ = {isa = PBXFileReference; lastKnownFileType = sourcecode.swift; path = Lesson.swift; sourceTree = "<group>"; };
		C2BDC9EF251C8A18005BEE41 /* Data.swift */ = {isa = PBXFileReference; lastKnownFileType = sourcecode.swift; path = Data.swift; sourceTree = "<group>"; };
		C2BDC9FC251C8B36005BEE41 /* lessonData.json */ = {isa = PBXFileReference; fileEncoding = 4; lastKnownFileType = text.json; path = lessonData.json; sourceTree = "<group>"; };
/* End PBXFileReference section */

/* Begin PBXFrameworksBuildPhase section */
		C2973F452517BA1000ADBA7C /* Frameworks */ = {
			isa = PBXFrameworksBuildPhase;
			buildActionMask = 2147483647;
			files = (
			);
			runOnlyForDeploymentPostprocessing = 0;
		};
		C2973F562517BA1200ADBA7C /* Frameworks */ = {
			isa = PBXFrameworksBuildPhase;
			buildActionMask = 2147483647;
			files = (
			);
			runOnlyForDeploymentPostprocessing = 0;
		};
		C2973F612517BA1200ADBA7C /* Frameworks */ = {
			isa = PBXFrameworksBuildPhase;
			buildActionMask = 2147483647;
			files = (
			);
			runOnlyForDeploymentPostprocessing = 0;
		};
/* End PBXFrameworksBuildPhase section */

/* Begin PBXGroup section */
		C2973F3F2517BA1000ADBA7C = {
			isa = PBXGroup;
			children = (
				C2973F4A2517BA1000ADBA7C /* schedule-app */,
				C2973F5C2517BA1200ADBA7C /* schedule-appTests */,
				C2973F672517BA1200ADBA7C /* schedule-appUITests */,
				C2973F492517BA1000ADBA7C /* Products */,
			);
			sourceTree = "<group>";
		};
		C2973F492517BA1000ADBA7C /* Products */ = {
			isa = PBXGroup;
			children = (
				C2973F482517BA1000ADBA7C /* schedule-app.app */,
				C2973F592517BA1200ADBA7C /* schedule-appTests.xctest */,
				C2973F642517BA1200ADBA7C /* schedule-appUITests.xctest */,
			);
			name = Products;
			sourceTree = "<group>";
		};
		C2973F4A2517BA1000ADBA7C /* schedule-app */ = {
			isa = PBXGroup;
			children = (
				C2BDC9FC251C8B36005BEE41 /* lessonData.json */,
				C2973F4B2517BA1000ADBA7C /* schedule_appApp.swift */,
				C2973F4D2517BA1000ADBA7C /* ContentView.swift */,
				C2973F4F2517BA1100ADBA7C /* Assets.xcassets */,
				C2973F542517BA1200ADBA7C /* Info.plist */,
				C2973F512517BA1200ADBA7C /* Preview Content */,
				C2BDC9EA251C89D7005BEE41 /* Lesson.swift */,
				C2BDC9EF251C8A18005BEE41 /* Data.swift */,
				C223EA61251C8BD400F51289 /* LessonRow.swift */,
			);
			path = "schedule-app";
			sourceTree = "<group>";
		};
		C2973F512517BA1200ADBA7C /* Preview Content */ = {
			isa = PBXGroup;
			children = (
				C2973F522517BA1200ADBA7C /* Preview Assets.xcassets */,
			);
			path = "Preview Content";
			sourceTree = "<group>";
		};
		C2973F5C2517BA1200ADBA7C /* schedule-appTests */ = {
			isa = PBXGroup;
			children = (
				C2973F5D2517BA1200ADBA7C /* schedule_appTests.swift */,
				C2973F5F2517BA1200ADBA7C /* Info.plist */,
			);
			path = "schedule-appTests";
			sourceTree = "<group>";
		};
		C2973F672517BA1200ADBA7C /* schedule-appUITests */ = {
			isa = PBXGroup;
			children = (
				C2973F682517BA1200ADBA7C /* schedule_appUITests.swift */,
				C2973F6A2517BA1200ADBA7C /* Info.plist */,
			);
			path = "schedule-appUITests";
			sourceTree = "<group>";
		};
/* End PBXGroup section */

/* Begin PBXNativeTarget section */
		C2973F472517BA1000ADBA7C /* schedule-app */ = {
			isa = PBXNativeTarget;
			buildConfigurationList = C2973F6D2517BA1200ADBA7C /* Build configuration list for PBXNativeTarget "schedule-app" */;
			buildPhases = (
				C2973F442517BA1000ADBA7C /* Sources */,
				C2973F452517BA1000ADBA7C /* Frameworks */,
				C2973F462517BA1000ADBA7C /* Resources */,
			);
			buildRules = (
			);
			dependencies = (
			);
			name = "schedule-app";
			productName = "schedule-app";
			productReference = C2973F482517BA1000ADBA7C /* schedule-app.app */;
			productType = "com.apple.product-type.application";
		};
		C2973F582517BA1200ADBA7C /* schedule-appTests */ = {
			isa = PBXNativeTarget;
			buildConfigurationList = C2973F702517BA1200ADBA7C /* Build configuration list for PBXNativeTarget "schedule-appTests" */;
			buildPhases = (
				C2973F552517BA1200ADBA7C /* Sources */,
				C2973F562517BA1200ADBA7C /* Frameworks */,
				C2973F572517BA1200ADBA7C /* Resources */,
			);
			buildRules = (
			);
			dependencies = (
				C2973F5B2517BA1200ADBA7C /* PBXTargetDependency */,
			);
			name = "schedule-appTests";
			productName = "schedule-appTests";
			productReference = C2973F592517BA1200ADBA7C /* schedule-appTests.xctest */;
			productType = "com.apple.product-type.bundle.unit-test";
		};
		C2973F632517BA1200ADBA7C /* schedule-appUITests */ = {
			isa = PBXNativeTarget;
			buildConfigurationList = C2973F732517BA1200ADBA7C /* Build configuration list for PBXNativeTarget "schedule-appUITests" */;
			buildPhases = (
				C2973F602517BA1200ADBA7C /* Sources */,
				C2973F612517BA1200ADBA7C /* Frameworks */,
				C2973F622517BA1200ADBA7C /* Resources */,
			);
			buildRules = (
			);
			dependencies = (
				C2973F662517BA1200ADBA7C /* PBXTargetDependency */,
			);
			name = "schedule-appUITests";
			productName = "schedule-appUITests";
			productReference = C2973F642517BA1200ADBA7C /* schedule-appUITests.xctest */;
			productType = "com.apple.product-type.bundle.ui-testing";
		};
/* End PBXNativeTarget section */

/* Begin PBXProject section */
		C2973F402517BA1000ADBA7C /* Project object */ = {
			isa = PBXProject;
			attributes = {
				LastSwiftUpdateCheck = 1200;
				LastUpgradeCheck = 1200;
				TargetAttributes = {
					C2973F472517BA1000ADBA7C = {
						CreatedOnToolsVersion = 12.0;
					};
					C2973F582517BA1200ADBA7C = {
						CreatedOnToolsVersion = 12.0;
						TestTargetID = C2973F472517BA1000ADBA7C;
					};
					C2973F632517BA1200ADBA7C = {
						CreatedOnToolsVersion = 12.0;
						TestTargetID = C2973F472517BA1000ADBA7C;
					};
				};
			};
			buildConfigurationList = C2973F432517BA1000ADBA7C /* Build configuration list for PBXProject "schedule-app" */;
			compatibilityVersion = "Xcode 9.3";
			developmentRegion = en;
			hasScannedForEncodings = 0;
			knownRegions = (
				en,
				Base,
			);
			mainGroup = C2973F3F2517BA1000ADBA7C;
			productRefGroup = C2973F492517BA1000ADBA7C /* Products */;
			projectDirPath = "";
			projectRoot = "";
			targets = (
				C2973F472517BA1000ADBA7C /* schedule-app */,
				C2973F582517BA1200ADBA7C /* schedule-appTests */,
				C2973F632517BA1200ADBA7C /* schedule-appUITests */,
			);
		};
/* End PBXProject section */

/* Begin PBXResourcesBuildPhase section */
		C2973F462517BA1000ADBA7C /* Resources */ = {
			isa = PBXResourcesBuildPhase;
			buildActionMask = 2147483647;
			files = (
				C2BDC9FD251C8B36005BEE41 /* lessonData.json in Resources */,
				C2973F532517BA1200ADBA7C /* Preview Assets.xcassets in Resources */,
				C2973F502517BA1100ADBA7C /* Assets.xcassets in Resources */,
			);
			runOnlyForDeploymentPostprocessing = 0;
		};
		C2973F572517BA1200ADBA7C /* Resources */ = {
			isa = PBXResourcesBuildPhase;
			buildActionMask = 2147483647;
			files = (
			);
			runOnlyForDeploymentPostprocessing = 0;
		};
		C2973F622517BA1200ADBA7C /* Resources */ = {
			isa = PBXResourcesBuildPhase;
			buildActionMask = 2147483647;
			files = (
			);
			runOnlyForDeploymentPostprocessing = 0;
		};
/* End PBXResourcesBuildPhase section */

/* Begin PBXSourcesBuildPhase section */
		C2973F442517BA1000ADBA7C /* Sources */ = {
			isa = PBXSourcesBuildPhase;
			buildActionMask = 2147483647;
			files = (
				C2BDC9EB251C89D7005BEE41 /* Lesson.swift in Sources */,
				C2973F4E2517BA1000ADBA7C /* ContentView.swift in Sources */,
				C2973F4C2517BA1000ADBA7C /* schedule_appApp.swift in Sources */,
				C2BDC9F0251C8A18005BEE41 /* Data.swift in Sources */,
				C223EA62251C8BD400F51289 /* LessonRow.swift in Sources */,
			);
			runOnlyForDeploymentPostprocessing = 0;
		};
		C2973F552517BA1200ADBA7C /* Sources */ = {
			isa = PBXSourcesBuildPhase;
			buildActionMask = 2147483647;
			files = (
				C2973F5E2517BA1200ADBA7C /* schedule_appTests.swift in Sources */,
			);
			runOnlyForDeploymentPostprocessing = 0;
		};
		C2973F602517BA1200ADBA7C /* Sources */ = {
			isa = PBXSourcesBuildPhase;
			buildActionMask = 2147483647;
			files = (
				C2973F692517BA1200ADBA7C /* schedule_appUITests.swift in Sources */,
			);
			runOnlyForDeploymentPostprocessing = 0;
		};
/* End PBXSourcesBuildPhase section */

/* Begin PBXTargetDependency section */
		C2973F5B2517BA1200ADBA7C /* PBXTargetDependency */ = {
			isa = PBXTargetDependency;
			target = C2973F472517BA1000ADBA7C /* schedule-app */;
			targetProxy = C2973F5A2517BA1200ADBA7C /* PBXContainerItemProxy */;
		};
		C2973F662517BA1200ADBA7C /* PBXTargetDependency */ = {
			isa = PBXTargetDependency;
			target = C2973F472517BA1000ADBA7C /* schedule-app */;
			targetProxy = C2973F652517BA1200ADBA7C /* PBXContainerItemProxy */;
		};
/* End PBXTargetDependency section */

/* Begin XCBuildConfiguration section */
		C2973F6B2517BA1200ADBA7C /* Debug */ = {
			isa = XCBuildConfiguration;
			buildSettings = {
				ALWAYS_SEARCH_USER_PATHS = NO;
				CLANG_ANALYZER_NONNULL = YES;
				CLANG_ANALYZER_NUMBER_OBJECT_CONVERSION = YES_AGGRESSIVE;
				CLANG_CXX_LANGUAGE_STANDARD = "gnu++14";
				CLANG_CXX_LIBRARY = "libc++";
				CLANG_ENABLE_MODULES = YES;
				CLANG_ENABLE_OBJC_ARC = YES;
				CLANG_ENABLE_OBJC_WEAK = YES;
				CLANG_WARN_BLOCK_CAPTURE_AUTORELEASING = YES;
				CLANG_WARN_BOOL_CONVERSION = YES;
				CLANG_WARN_COMMA = YES;
				CLANG_WARN_CONSTANT_CONVERSION = YES;
				CLANG_WARN_DEPRECATED_OBJC_IMPLEMENTATIONS = YES;
				CLANG_WARN_DIRECT_OBJC_ISA_USAGE = YES_ERROR;
				CLANG_WARN_DOCUMENTATION_COMMENTS = YES;
				CLANG_WARN_EMPTY_BODY = YES;
				CLANG_WARN_ENUM_CONVERSION = YES;
				CLANG_WARN_INFINITE_RECURSION = YES;
				CLANG_WARN_INT_CONVERSION = YES;
				CLANG_WARN_NON_LITERAL_NULL_CONVERSION = YES;
				CLANG_WARN_OBJC_IMPLICIT_RETAIN_SELF = YES;
				CLANG_WARN_OBJC_LITERAL_CONVERSION = YES;
				CLANG_WARN_OBJC_ROOT_CLASS = YES_ERROR;
				CLANG_WARN_QUOTED_INCLUDE_IN_FRAMEWORK_HEADER = YES;
				CLANG_WARN_RANGE_LOOP_ANALYSIS = YES;
				CLANG_WARN_STRICT_PROTOTYPES = YES;
				CLANG_WARN_SUSPICIOUS_MOVE = YES;
				CLANG_WARN_UNGUARDED_AVAILABILITY = YES_AGGRESSIVE;
				CLANG_WARN_UNREACHABLE_CODE = YES;
				CLANG_WARN__DUPLICATE_METHOD_MATCH = YES;
				COPY_PHASE_STRIP = NO;
				DEBUG_INFORMATION_FORMAT = dwarf;
				ENABLE_STRICT_OBJC_MSGSEND = YES;
				ENABLE_TESTABILITY = YES;
				GCC_C_LANGUAGE_STANDARD = gnu11;
				GCC_DYNAMIC_NO_PIC = NO;
				GCC_NO_COMMON_BLOCKS = YES;
				GCC_OPTIMIZATION_LEVEL = 0;
				GCC_PREPROCESSOR_DEFINITIONS = (
					"DEBUG=1",
					"$(inherited)",
				);
				GCC_WARN_64_TO_32_BIT_CONVERSION = YES;
				GCC_WARN_ABOUT_RETURN_TYPE = YES_ERROR;
				GCC_WARN_UNDECLARED_SELECTOR = YES;
				GCC_WARN_UNINITIALIZED_AUTOS = YES_AGGRESSIVE;
				GCC_WARN_UNUSED_FUNCTION = YES;
				GCC_WARN_UNUSED_VARIABLE = YES;
				IPHONEOS_DEPLOYMENT_TARGET = 14.0;
				MTL_ENABLE_DEBUG_INFO = INCLUDE_SOURCE;
				MTL_FAST_MATH = YES;
				ONLY_ACTIVE_ARCH = YES;
				SDKROOT = iphoneos;
				SWIFT_ACTIVE_COMPILATION_CONDITIONS = DEBUG;
				SWIFT_OPTIMIZATION_LEVEL = "-Onone";
			};
			name = Debug;
		};
		C2973F6C2517BA1200ADBA7C /* Release */ = {
			isa = XCBuildConfiguration;
			buildSettings = {
				ALWAYS_SEARCH_USER_PATHS = NO;
				CLANG_ANALYZER_NONNULL = YES;
				CLANG_ANALYZER_NUMBER_OBJECT_CONVERSION = YES_AGGRESSIVE;
				CLANG_CXX_LANGUAGE_STANDARD = "gnu++14";
				CLANG_CXX_LIBRARY = "libc++";
				CLANG_ENABLE_MODULES = YES;
				CLANG_ENABLE_OBJC_ARC = YES;
				CLANG_ENABLE_OBJC_WEAK = YES;
				CLANG_WARN_BLOCK_CAPTURE_AUTORELEASING = YES;
				CLANG_WARN_BOOL_CONVERSION = YES;
				CLANG_WARN_COMMA = YES;
				CLANG_WARN_CONSTANT_CONVERSION = YES;
				CLANG_WARN_DEPRECATED_OBJC_IMPLEMENTATIONS = YES;
				CLANG_WARN_DIRECT_OBJC_ISA_USAGE = YES_ERROR;
				CLANG_WARN_DOCUMENTATION_COMMENTS = YES;
				CLANG_WARN_EMPTY_BODY = YES;
				CLANG_WARN_ENUM_CONVERSION = YES;
				CLANG_WARN_INFINITE_RECURSION = YES;
				CLANG_WARN_INT_CONVERSION = YES;
				CLANG_WARN_NON_LITERAL_NULL_CONVERSION = YES;
				CLANG_WARN_OBJC_IMPLICIT_RETAIN_SELF = YES;
				CLANG_WARN_OBJC_LITERAL_CONVERSION = YES;
				CLANG_WARN_OBJC_ROOT_CLASS = YES_ERROR;
				CLANG_WARN_QUOTED_INCLUDE_IN_FRAMEWORK_HEADER = YES;
				CLANG_WARN_RANGE_LOOP_ANALYSIS = YES;
				CLANG_WARN_STRICT_PROTOTYPES = YES;
				CLANG_WARN_SUSPICIOUS_MOVE = YES;
				CLANG_WARN_UNGUARDED_AVAILABILITY = YES_AGGRESSIVE;
				CLANG_WARN_UNREACHABLE_CODE = YES;
				CLANG_WARN__DUPLICATE_METHOD_MATCH = YES;
				COPY_PHASE_STRIP = NO;
				DEBUG_INFORMATION_FORMAT = "dwarf-with-dsym";
				ENABLE_NS_ASSERTIONS = NO;
				ENABLE_STRICT_OBJC_MSGSEND = YES;
				GCC_C_LANGUAGE_STANDARD = gnu11;
				GCC_NO_COMMON_BLOCKS = YES;
				GCC_WARN_64_TO_32_BIT_CONVERSION = YES;
				GCC_WARN_ABOUT_RETURN_TYPE = YES_ERROR;
				GCC_WARN_UNDECLARED_SELECTOR = YES;
				GCC_WARN_UNINITIALIZED_AUTOS = YES_AGGRESSIVE;
				GCC_WARN_UNUSED_FUNCTION = YES;
				GCC_WARN_UNUSED_VARIABLE = YES;
				IPHONEOS_DEPLOYMENT_TARGET = 14.0;
				MTL_ENABLE_DEBUG_INFO = NO;
				MTL_FAST_MATH = YES;
				SDKROOT = iphoneos;
				SWIFT_COMPILATION_MODE = wholemodule;
				SWIFT_OPTIMIZATION_LEVEL = "-O";
				VALIDATE_PRODUCT = YES;
			};
			name = Release;
		};
		C2973F6E2517BA1200ADBA7C /* Debug */ = {
			isa = XCBuildConfiguration;
			buildSettings = {
				ASSETCATALOG_COMPILER_APPICON_NAME = AppIcon;
				ASSETCATALOG_COMPILER_GLOBAL_ACCENT_COLOR_NAME = AccentColor;
				CODE_SIGN_STYLE = Automatic;
				DEVELOPMENT_ASSET_PATHS = "\"schedule-app/Preview Content\"";
				ENABLE_PREVIEWS = YES;
				INFOPLIST_FILE = "schedule-app/Info.plist";
				IPHONEOS_DEPLOYMENT_TARGET = 14.0;
				LD_RUNPATH_SEARCH_PATHS = (
					"$(inherited)",
					"@executable_path/Frameworks",
				);
				PRODUCT_BUNDLE_IDENTIFIER = "ru.andreev.schedule-app";
				PRODUCT_NAME = "$(TARGET_NAME)";
				SWIFT_VERSION = 5.0;
				TARGETED_DEVICE_FAMILY = "1,2";
			};
			name = Debug;
		};
		C2973F6F2517BA1200ADBA7C /* Release */ = {
			isa = XCBuildConfiguration;
			buildSettings = {
				ASSETCATALOG_COMPILER_APPICON_NAME = AppIcon;
				ASSETCATALOG_COMPILER_GLOBAL_ACCENT_COLOR_NAME = AccentColor;
				CODE_SIGN_STYLE = Automatic;
				DEVELOPMENT_ASSET_PATHS = "\"schedule-app/Preview Content\"";
				ENABLE_PREVIEWS = YES;
				INFOPLIST_FILE = "schedule-app/Info.plist";
				IPHONEOS_DEPLOYMENT_TARGET = 14.0;
				LD_RUNPATH_SEARCH_PATHS = (
					"$(inherited)",
					"@executable_path/Frameworks",
				);
				PRODUCT_BUNDLE_IDENTIFIER = "ru.andreev.schedule-app";
				PRODUCT_NAME = "$(TARGET_NAME)";
				SWIFT_VERSION = 5.0;
				TARGETED_DEVICE_FAMILY = "1,2";
			};
			name = Release;
		};
		C2973F712517BA1200ADBA7C /* Debug */ = {
			isa = XCBuildConfiguration;
			buildSettings = {
				ALWAYS_EMBED_SWIFT_STANDARD_LIBRARIES = YES;
				BUNDLE_LOADER = "$(TEST_HOST)";
				CODE_SIGN_STYLE = Automatic;
				INFOPLIST_FILE = "schedule-appTests/Info.plist";
				IPHONEOS_DEPLOYMENT_TARGET = 14.0;
				LD_RUNPATH_SEARCH_PATHS = (
					"$(inherited)",
					"@executable_path/Frameworks",
					"@loader_path/Frameworks",
				);
				PRODUCT_BUNDLE_IDENTIFIER = "ru.andreev.schedule-appTests";
				PRODUCT_NAME = "$(TARGET_NAME)";
				SWIFT_VERSION = 5.0;
				TARGETED_DEVICE_FAMILY = "1,2";
				TEST_HOST = "$(BUILT_PRODUCTS_DIR)/schedule-app.app/schedule-app";
			};
			name = Debug;
		};
		C2973F722517BA1200ADBA7C /* Release */ = {
			isa = XCBuildConfiguration;
			buildSettings = {
				ALWAYS_EMBED_SWIFT_STANDARD_LIBRARIES = YES;
				BUNDLE_LOADER = "$(TEST_HOST)";
				CODE_SIGN_STYLE = Automatic;
				INFOPLIST_FILE = "schedule-appTests/Info.plist";
				IPHONEOS_DEPLOYMENT_TARGET = 14.0;
				LD_RUNPATH_SEARCH_PATHS = (
					"$(inherited)",
					"@executable_path/Frameworks",
					"@loader_path/Frameworks",
				);
				PRODUCT_BUNDLE_IDENTIFIER = "ru.andreev.schedule-appTests";
				PRODUCT_NAME = "$(TARGET_NAME)";
				SWIFT_VERSION = 5.0;
				TARGETED_DEVICE_FAMILY = "1,2";
				TEST_HOST = "$(BUILT_PRODUCTS_DIR)/schedule-app.app/schedule-app";
			};
			name = Release;
		};
		C2973F742517BA1200ADBA7C /* Debug */ = {
			isa = XCBuildConfiguration;
			buildSettings = {
				ALWAYS_EMBED_SWIFT_STANDARD_LIBRARIES = YES;
				CODE_SIGN_STYLE = Automatic;
				INFOPLIST_FILE = "schedule-appUITests/Info.plist";
				LD_RUNPATH_SEARCH_PATHS = (
					"$(inherited)",
					"@executable_path/Frameworks",
					"@loader_path/Frameworks",
				);
				PRODUCT_BUNDLE_IDENTIFIER = "ru.andreev.schedule-appUITests";
				PRODUCT_NAME = "$(TARGET_NAME)";
				SWIFT_VERSION = 5.0;
				TARGETED_DEVICE_FAMILY = "1,2";
				TEST_TARGET_NAME = "schedule-app";
			};
			name = Debug;
		};
		C2973F752517BA1200ADBA7C /* Release */ = {
			isa = XCBuildConfiguration;
			buildSettings = {
				ALWAYS_EMBED_SWIFT_STANDARD_LIBRARIES = YES;
				CODE_SIGN_STYLE = Automatic;
				INFOPLIST_FILE = "schedule-appUITests/Info.plist";
				LD_RUNPATH_SEARCH_PATHS = (
					"$(inherited)",
					"@executable_path/Frameworks",
					"@loader_path/Frameworks",
				);
				PRODUCT_BUNDLE_IDENTIFIER = "ru.andreev.schedule-appUITests";
				PRODUCT_NAME = "$(TARGET_NAME)";
				SWIFT_VERSION = 5.0;
				TARGETED_DEVICE_FAMILY = "1,2";
				TEST_TARGET_NAME = "schedule-app";
			};
			name = Release;
		};
/* End XCBuildConfiguration section */

/* Begin XCConfigurationList section */
		C2973F432517BA1000ADBA7C /* Build configuration list for PBXProject "schedule-app" */ = {
			isa = XCConfigurationList;
			buildConfigurations = (
				C2973F6B2517BA1200ADBA7C /* Debug */,
				C2973F6C2517BA1200ADBA7C /* Release */,
			);
			defaultConfigurationIsVisible = 0;
			defaultConfigurationName = Release;
		};
		C2973F6D2517BA1200ADBA7C /* Build configuration list for PBXNativeTarget "schedule-app" */ = {
			isa = XCConfigurationList;
			buildConfigurations = (
				C2973F6E2517BA1200ADBA7C /* Debug */,
				C2973F6F2517BA1200ADBA7C /* Release */,
			);
			defaultConfigurationIsVisible = 0;
			defaultConfigurationName = Release;
		};
		C2973F702517BA1200ADBA7C /* Build configuration list for PBXNativeTarget "schedule-appTests" */ = {
			isa = XCConfigurationList;
			buildConfigurations = (
				C2973F712517BA1200ADBA7C /* Debug */,
				C2973F722517BA1200ADBA7C /* Release */,
			);
			defaultConfigurationIsVisible = 0;
			defaultConfigurationName = Release;
		};
		C2973F732517BA1200ADBA7C /* Build configuration list for PBXNativeTarget "schedule-appUITests" */ = {
			isa = XCConfigurationList;
			buildConfigurations = (
				C2973F742517BA1200ADBA7C /* Debug */,
				C2973F752517BA1200ADBA7C /* Release */,
			);
			defaultConfigurationIsVisible = 0;
			defaultConfigurationName = Release;
		};
/* End XCConfigurationList section */
	};
	rootObject = C2973F402517BA1000ADBA7C /* Project object */;
}
